
Microsoft Visual Studio Solution File, Format Version 12.00
# Visual Studio 15
VisualStudioVersion = 15.0.27428.1
MinimumVisualStudioVersion = 10.0.40219.1
Project("{FAE04EC0-301F-11D3-BF4B-00C04F79EFBC}") = "newBugTracker", "newBugTracker\newBugTracker.csproj", "{C1830EF5-AED3-467B-A665-68291959B0D6}"
EndProject
Global
	GlobalSection(SolutionConfigurationPlatforms) = preSolution
		Debug|Any CPU = Debug|Any CPU
		Release|Any CPU = Release|Any CPU
	EndGlobalSection
	GlobalSection(ProjectConfigurationPlatforms) = postSolution
		{C1830EF5-AED3-467B-A665-68291959B0D6}.Debug|Any CPU.ActiveCfg = Debug|Any CPU
		{C1830EF5-AED3-467B-A665-68291959B0D6}.Debug|Any CPU.Build.0 = Debug|Any CPU
		{C1830EF5-AED3-467B-A665-68291959B0D6}.Release|Any CPU.ActiveCfg = Release|Any CPU
		{C1830EF5-AED3-467B-A665-68291959B0D6}.Release|Any CPU.Build.0 = Release|Any CPU
	EndGlobalSection
	GlobalSection(SolutionProperties) = preSolution
		HideSolutionNode = FALSE
	EndGlobalSection
	GlobalSection(ExtensibilityGlobals) = postSolution
		SolutionGuid = {CF21DFCA-60AE-4C34-A66C-ED3264F3D302}
	EndGlobalSection
EndGlobal
